
Microsoft Visual Studio Solution File, Format Version 12.00
# Visual Studio Version 17
VisualStudioVersion = 17.11.35312.102
MinimumVisualStudioVersion = 10.0.40219.1
Project("{FAE04EC0-301F-11D3-BF4B-00C04F79EFBC}") = "CodePulse.API", "CodePulse.API\CodePulse.API.csproj", "{4ED312A2-32E2-4BC3-A7CA-F25FC38B4701}"
EndProject
Global
	GlobalSection(SolutionConfigurationPlatforms) = preSolution
		Debug|Any CPU = Debug|Any CPU
		Release|Any CPU = Release|Any CPU
	EndGlobalSection
	GlobalSection(ProjectConfigurationPlatforms) = postSolution
		{4ED312A2-32E2-4BC3-A7CA-F25FC38B4701}.Debug|Any CPU.ActiveCfg = Debug|Any CPU
		{4ED312A2-32E2-4BC3-A7CA-F25FC38B4701}.Debug|Any CPU.Build.0 = Debug|Any CPU
		{4ED312A2-32E2-4BC3-A7CA-F25FC38B4701}.Release|Any CPU.ActiveCfg = Release|Any CPU
		{4ED312A2-32E2-4BC3-A7CA-F25FC38B4701}.Release|Any CPU.Build.0 = Release|Any CPU
	EndGlobalSection
	GlobalSection(SolutionProperties) = preSolution
		HideSolutionNode = FALSE
	EndGlobalSection
	GlobalSection(ExtensibilityGlobals) = postSolution
		SolutionGuid = {D8E56655-7909-498A-8868-F009F8F37509}
	EndGlobalSection
EndGlobal
